
Microsoft Visual Studio Solution File, Format Version 12.00
# Visual Studio 15
VisualStudioVersion = 15.0.27130.2010
MinimumVisualStudioVersion = 10.0.40219.1
Project("{FAE04EC0-301F-11D3-BF4B-00C04F79EFBC}") = "Calculator1", "Calculator1\Calculator1.csproj", "{D3BD81E3-D4CC-499E-A7F0-F28AB13371B5}"
EndProject
Project("{FAE04EC0-301F-11D3-BF4B-00C04F79EFBC}") = "UnitTestProject1", "UnitTestProject1\UnitTestProject1.csproj", "{A50AEB74-F0F9-450C-8F3D-79BDBD54421B}"
EndProject
Global
	GlobalSection(SolutionConfigurationPlatforms) = preSolution
		Debug|Any CPU = Debug|Any CPU
		Release|Any CPU = Release|Any CPU
	EndGlobalSection
	GlobalSection(ProjectConfigurationPlatforms) = postSolution
		{D3BD81E3-D4CC-499E-A7F0-F28AB13371B5}.Debug|Any CPU.ActiveCfg = Debug|Any CPU
		{D3BD81E3-D4CC-499E-A7F0-F28AB13371B5}.Debug|Any CPU.Build.0 = Debug|Any CPU
		{D3BD81E3-D4CC-499E-A7F0-F28AB13371B5}.Release|Any CPU.ActiveCfg = Release|Any CPU
		{D3BD81E3-D4CC-499E-A7F0-F28AB13371B5}.Release|Any CPU.Build.0 = Release|Any CPU
		{A50AEB74-F0F9-450C-8F3D-79BDBD54421B}.Debug|Any CPU.ActiveCfg = Debug|Any CPU
		{A50AEB74-F0F9-450C-8F3D-79BDBD54421B}.Debug|Any CPU.Build.0 = Debug|Any CPU
		{A50AEB74-F0F9-450C-8F3D-79BDBD54421B}.Release|Any CPU.ActiveCfg = Release|Any CPU
		{A50AEB74-F0F9-450C-8F3D-79BDBD54421B}.Release|Any CPU.Build.0 = Release|Any CPU
	EndGlobalSection
	GlobalSection(SolutionProperties) = preSolution
		HideSolutionNode = FALSE
	EndGlobalSection
	GlobalSection(ExtensibilityGlobals) = postSolution
		SolutionGuid = {2133EACA-7C9F-4B3F-BFB5-6D8AD8E779DF}
	EndGlobalSection
EndGlobal
